// !$*UTF8*$!
{
	archiveVersion = 1;
	classes = {
	};
	objectVersion = 50;
	objects = {

/* Begin PBXBuildFile section */
		F752510C21BDC076005228FA /* EmojiCollectionViewCell.swift in Sources */ = {isa = PBXBuildFile; fileRef = F752510B21BDC076005228FA /* EmojiCollectionViewCell.swift */; };
		F762213821A23FE70021643D /* AppDelegate.swift in Sources */ = {isa = PBXBuildFile; fileRef = F762213721A23FE70021643D /* AppDelegate.swift */; };
		F762213D21A23FE70021643D /* Main.storyboard in Resources */ = {isa = PBXBuildFile; fileRef = F762213B21A23FE70021643D /* Main.storyboard */; };
		F762213F21A23FEA0021643D /* Assets.xcassets in Resources */ = {isa = PBXBuildFile; fileRef = F762213E21A23FEA0021643D /* Assets.xcassets */; };
		F762214221A23FEA0021643D /* LaunchScreen.storyboard in Resources */ = {isa = PBXBuildFile; fileRef = F762214021A23FEA0021643D /* LaunchScreen.storyboard */; };
		F762214B21A240510021643D /* EmojiArtViewController.swift in Sources */ = {isa = PBXBuildFile; fileRef = F762214A21A240510021643D /* EmojiArtViewController.swift */; };
		F762214D21A240D80021643D /* EmojiArtView.swift in Sources */ = {isa = PBXBuildFile; fileRef = F762214C21A240D80021643D /* EmojiArtView.swift */; };
		F762214F21A2640A0021643D /* Utilities.swift in Sources */ = {isa = PBXBuildFile; fileRef = F762214E21A2640A0021643D /* Utilities.swift */; };
		F762215121A277150021643D /* EmojiArtDocumentTableViewController.swift in Sources */ = {isa = PBXBuildFile; fileRef = F762215021A277140021643D /* EmojiArtDocumentTableViewController.swift */; };
/* End PBXBuildFile section */

/* Begin PBXFileReference section */
		F752510B21BDC076005228FA /* EmojiCollectionViewCell.swift */ = {isa = PBXFileReference; lastKnownFileType = sourcecode.swift; path = EmojiCollectionViewCell.swift; sourceTree = "<group>"; };
		F762213421A23FE70021643D /* EmojiArt.app */ = {isa = PBXFileReference; explicitFileType = wrapper.application; includeInIndex = 0; path = EmojiArt.app; sourceTree = BUILT_PRODUCTS_DIR; };
		F762213721A23FE70021643D /* AppDelegate.swift */ = {isa = PBXFileReference; lastKnownFileType = sourcecode.swift; path = AppDelegate.swift; sourceTree = "<group>"; };
		F762213C21A23FE70021643D /* Base */ = {isa = PBXFileReference; lastKnownFileType = file.storyboard; name = Base; path = Base.lproj/Main.storyboard; sourceTree = "<group>"; };
		F762213E21A23FEA0021643D /* Assets.xcassets */ = {isa = PBXFileReference; lastKnownFileType = folder.assetcatalog; path = Assets.xcassets; sourceTree = "<group>"; };
		F762214121A23FEA0021643D /* Base */ = {isa = PBXFileReference; lastKnownFileType = file.storyboard; name = Base; path = Base.lproj/LaunchScreen.storyboard; sourceTree = "<group>"; };
		F762214321A23FEA0021643D /* Info.plist */ = {isa = PBXFileReference; lastKnownFileType = text.plist.xml; path = Info.plist; sourceTree = "<group>"; };
		F762214A21A240510021643D /* EmojiArtViewController.swift */ = {isa = PBXFileReference; lastKnownFileType = sourcecode.swift; path = EmojiArtViewController.swift; sourceTree = "<group>"; };
		F762214C21A240D80021643D /* EmojiArtView.swift */ = {isa = PBXFileReference; lastKnownFileType = sourcecode.swift; path = EmojiArtView.swift; sourceTree = "<group>"; };
		F762214E21A2640A0021643D /* Utilities.swift */ = {isa = PBXFileReference; lastKnownFileType = sourcecode.swift; path = Utilities.swift; sourceTree = "<group>"; };
		F762215021A277140021643D /* EmojiArtDocumentTableViewController.swift */ = {isa = PBXFileReference; lastKnownFileType = sourcecode.swift; path = EmojiArtDocumentTableViewController.swift; sourceTree = "<group>"; };
/* End PBXFileReference section */

/* Begin PBXFrameworksBuildPhase section */
		F762213121A23FE70021643D /* Frameworks */ = {
			isa = PBXFrameworksBuildPhase;
			buildActionMask = 2147483647;
			files = (
			);
			runOnlyForDeploymentPostprocessing = 0;
		};
/* End PBXFrameworksBuildPhase section */

/* Begin PBXGroup section */
		F762212B21A23FE70021643D = {
			isa = PBXGroup;
			children = (
				F762213621A23FE70021643D /* EmojiArt */,
				F762213521A23FE70021643D /* Products */,
			);
			sourceTree = "<group>";
		};
		F762213521A23FE70021643D /* Products */ = {
			isa = PBXGroup;
			children = (
				F762213421A23FE70021643D /* EmojiArt.app */,
			);
			name = Products;
			sourceTree = "<group>";
		};
		F762213621A23FE70021643D /* EmojiArt */ = {
			isa = PBXGroup;
			children = (
				F762215021A277140021643D /* EmojiArtDocumentTableViewController.swift */,
				F762213B21A23FE70021643D /* Main.storyboard */,
				F752510B21BDC076005228FA /* EmojiCollectionViewCell.swift */,
				F762214C21A240D80021643D /* EmojiArtView.swift */,
				F762214A21A240510021643D /* EmojiArtViewController.swift */,
				F762214921A240020021643D /* Supporting Files */,
				F762214321A23FEA0021643D /* Info.plist */,
				F762214E21A2640A0021643D /* Utilities.swift */,
			);
			path = EmojiArt;
			sourceTree = "<group>";
		};
		F762214921A240020021643D /* Supporting Files */ = {
			isa = PBXGroup;
			children = (
				F762213721A23FE70021643D /* AppDelegate.swift */,
				F762213E21A23FEA0021643D /* Assets.xcassets */,
				F762214021A23FEA0021643D /* LaunchScreen.storyboard */,
			);
			path = "Supporting Files";
			sourceTree = "<group>";
		};
/* End PBXGroup section */

/* Begin PBXNativeTarget section */
		F762213321A23FE70021643D /* EmojiArt */ = {
			isa = PBXNativeTarget;
			buildConfigurationList = F762214621A23FEA0021643D /* Build configuration list for PBXNativeTarget "EmojiArt" */;
			buildPhases = (
				F762213021A23FE70021643D /* Sources */,
				F762213121A23FE70021643D /* Frameworks */,
				F762213221A23FE70021643D /* Resources */,
			);
			buildRules = (
			);
			dependencies = (
			);
			name = EmojiArt;
			productName = EmojiArt;
			productReference = F762213421A23FE70021643D /* EmojiArt.app */;
			productType = "com.apple.product-type.application";
		};
/* End PBXNativeTarget section */

/* Begin PBXProject section */
		F762212C21A23FE70021643D /* Project object */ = {
			isa = PBXProject;
			attributes = {
				LastSwiftUpdateCheck = 1010;
				LastUpgradeCheck = 1010;
				ORGANIZATIONNAME = "Thara Nagaraj";
				TargetAttributes = {
					F762213321A23FE70021643D = {
						CreatedOnToolsVersion = 10.1;
					};
				};
			};
			buildConfigurationList = F762212F21A23FE70021643D /* Build configuration list for PBXProject "EmojiArt" */;
			compatibilityVersion = "Xcode 9.3";
			developmentRegion = en;
			hasScannedForEncodings = 0;
			knownRegions = (
				en,
				Base,
			);
			mainGroup = F762212B21A23FE70021643D;
			productRefGroup = F762213521A23FE70021643D /* Products */;
			projectDirPath = "";
			projectRoot = "";
			targets = (
				F762213321A23FE70021643D /* EmojiArt */,
			);
		};
/* End PBXProject section */

/* Begin PBXResourcesBuildPhase section */
		F762213221A23FE70021643D /* Resources */ = {
			isa = PBXResourcesBuildPhase;
			buildActionMask = 2147483647;
			files = (
				F762214221A23FEA0021643D /* LaunchScreen.storyboard in Resources */,
				F762213F21A23FEA0021643D /* Assets.xcassets in Resources */,
				F762213D21A23FE70021643D /* Main.storyboard in Resources */,
			);
			runOnlyForDeploymentPostprocessing = 0;
		};
/* End PBXResourcesBuildPhase section */

/* Begin PBXSourcesBuildPhase section */
		F762213021A23FE70021643D /* Sources */ = {
			isa = PBXSourcesBuildPhase;
			buildActionMask = 2147483647;
			files = (
				F762213821A23FE70021643D /* AppDelegate.swift in Sources */,
				F752510C21BDC076005228FA /* EmojiCollectionViewCell.swift in Sources */,
				F762214B21A240510021643D /* EmojiArtViewController.swift in Sources */,
				F762214F21A2640A0021643D /* Utilities.swift in Sources */,
				F762215121A277150021643D /* EmojiArtDocumentTableViewController.swift in Sources */,
				F762214D21A240D80021643D /* EmojiArtView.swift in Sources */,
			);
			runOnlyForDeploymentPostprocessing = 0;
		};
/* End PBXSourcesBuildPhase section */

/* Begin PBXVariantGroup section */
		F762213B21A23FE70021643D /* Main.storyboard */ = {
			isa = PBXVariantGroup;
			children = (
				F762213C21A23FE70021643D /* Base */,
			);
			name = Main.storyboard;
			sourceTree = "<group>";
		};
		F762214021A23FEA0021643D /* LaunchScreen.storyboard */ = {
			isa = PBXVariantGroup;
			children = (
				F762214121A23FEA0021643D /* Base */,
			);
			name = LaunchScreen.storyboard;
			sourceTree = "<group>";
		};
/* End PBXVariantGroup section */

/* Begin XCBuildConfiguration section */
		F762214421A23FEA0021643D /* Debug */ = {
			isa = XCBuildConfiguration;
			buildSettings = {
				ALWAYS_SEARCH_USER_PATHS = NO;
				CLANG_ANALYZER_NONNULL = YES;
				CLANG_ANALYZER_NUMBER_OBJECT_CONVERSION = YES_AGGRESSIVE;
				CLANG_CXX_LANGUAGE_STANDARD = "gnu++14";
				CLANG_CXX_LIBRARY = "libc++";
				CLANG_ENABLE_MODULES = YES;
				CLANG_ENABLE_OBJC_ARC = YES;
				CLANG_ENABLE_OBJC_WEAK = YES;
				CLANG_WARN_BLOCK_CAPTURE_AUTORELEASING = YES;
				CLANG_WARN_BOOL_CONVERSION = YES;
				CLANG_WARN_COMMA = YES;
				CLANG_WARN_CONSTANT_CONVERSION = YES;
				CLANG_WARN_DEPRECATED_OBJC_IMPLEMENTATIONS = YES;
				CLANG_WARN_DIRECT_OBJC_ISA_USAGE = YES_ERROR;
				CLANG_WARN_DOCUMENTATION_COMMENTS = YES;
				CLANG_WARN_EMPTY_BODY = YES;
				CLANG_WARN_ENUM_CONVERSION = YES;
				CLANG_WARN_INFINITE_RECURSION = YES;
				CLANG_WARN_INT_CONVERSION = YES;
				CLANG_WARN_NON_LITERAL_NULL_CONVERSION = YES;
				CLANG_WARN_OBJC_IMPLICIT_RETAIN_SELF = YES;
				CLANG_WARN_OBJC_LITERAL_CONVERSION = YES;
				CLANG_WARN_OBJC_ROOT_CLASS = YES_ERROR;
				CLANG_WARN_RANGE_LOOP_ANALYSIS = YES;
				CLANG_WARN_STRICT_PROTOTYPES = YES;
				CLANG_WARN_SUSPICIOUS_MOVE = YES;
				CLANG_WARN_UNGUARDED_AVAILABILITY = YES_AGGRESSIVE;
				CLANG_WARN_UNREACHABLE_CODE = YES;
				CLANG_WARN__DUPLICATE_METHOD_MATCH = YES;
				CODE_SIGN_IDENTITY = "iPhone Developer";
				COPY_PHASE_STRIP = NO;
				DEBUG_INFORMATION_FORMAT = dwarf;
				ENABLE_STRICT_OBJC_MSGSEND = YES;
				ENABLE_TESTABILITY = YES;
				GCC_C_LANGUAGE_STANDARD = gnu11;
				GCC_DYNAMIC_NO_PIC = NO;
				GCC_NO_COMMON_BLOCKS = YES;
				GCC_OPTIMIZATION_LEVEL = 0;
				GCC_PREPROCESSOR_DEFINITIONS = (
					"DEBUG=1",
					"$(inherited)",
				);
				GCC_WARN_64_TO_32_BIT_CONVERSION = YES;
				GCC_WARN_ABOUT_RETURN_TYPE = YES_ERROR;
				GCC_WARN_UNDECLARED_SELECTOR = YES;
				GCC_WARN_UNINITIALIZED_AUTOS = YES_AGGRESSIVE;
				GCC_WARN_UNUSED_FUNCTION = YES;
				GCC_WARN_UNUSED_VARIABLE = YES;
				IPHONEOS_DEPLOYMENT_TARGET = 12.1;
				MTL_ENABLE_DEBUG_INFO = INCLUDE_SOURCE;
				MTL_FAST_MATH = YES;
				ONLY_ACTIVE_ARCH = YES;
				SDKROOT = iphoneos;
				SWIFT_ACTIVE_COMPILATION_CONDITIONS = DEBUG;
				SWIFT_OPTIMIZATION_LEVEL = "-Onone";
			};
			name = Debug;
		};
		F762214521A23FEA0021643D /* Release */ = {
			isa = XCBuildConfiguration;
			buildSettings = {
				ALWAYS_SEARCH_USER_PATHS = NO;
				CLANG_ANALYZER_NONNULL = YES;
				CLANG_ANALYZER_NUMBER_OBJECT_CONVERSION = YES_AGGRESSIVE;
				CLANG_CXX_LANGUAGE_STANDARD = "gnu++14";
				CLANG_CXX_LIBRARY = "libc++";
				CLANG_ENABLE_MODULES = YES;
				CLANG_ENABLE_OBJC_ARC = YES;
				CLANG_ENABLE_OBJC_WEAK = YES;
				CLANG_WARN_BLOCK_CAPTURE_AUTORELEASING = YES;
				CLANG_WARN_BOOL_CONVERSION = YES;
				CLANG_WARN_COMMA = YES;
				CLANG_WARN_CONSTANT_CONVERSION = YES;
				CLANG_WARN_DEPRECATED_OBJC_IMPLEMENTATIONS = YES;
				CLANG_WARN_DIRECT_OBJC_ISA_USAGE = YES_ERROR;
				CLANG_WARN_DOCUMENTATION_COMMENTS = YES;
				CLANG_WARN_EMPTY_BODY = YES;
				CLANG_WARN_ENUM_CONVERSION = YES;
				CLANG_WARN_INFINITE_RECURSION = YES;
				CLANG_WARN_INT_CONVERSION = YES;
				CLANG_WARN_NON_LITERAL_NULL_CONVERSION = YES;
				CLANG_WARN_OBJC_IMPLICIT_RETAIN_SELF = YES;
				CLANG_WARN_OBJC_LITERAL_CONVERSION = YES;
				CLANG_WARN_OBJC_ROOT_CLASS = YES_ERROR;
				CLANG_WARN_RANGE_LOOP_ANALYSIS = YES;
				CLANG_WARN_STRICT_PROTOTYPES = YES;
				CLANG_WARN_SUSPICIOUS_MOVE = YES;
				CLANG_WARN_UNGUARDED_AVAILABILITY = YES_AGGRESSIVE;
				CLANG_WARN_UNREACHABLE_CODE = YES;
				CLANG_WARN__DUPLICATE_METHOD_MATCH = YES;
				CODE_SIGN_IDENTITY = "iPhone Developer";
				COPY_PHASE_STRIP = NO;
				DEBUG_INFORMATION_FORMAT = "dwarf-with-dsym";
				ENABLE_NS_ASSERTIONS = NO;
				ENABLE_STRICT_OBJC_MSGSEND = YES;
				GCC_C_LANGUAGE_STANDARD = gnu11;
				GCC_NO_COMMON_BLOCKS = YES;
				GCC_WARN_64_TO_32_BIT_CONVERSION = YES;
				GCC_WARN_ABOUT_RETURN_TYPE = YES_ERROR;
				GCC_WARN_UNDECLARED_SELECTOR = YES;
				GCC_WARN_UNINITIALIZED_AUTOS = YES_AGGRESSIVE;
				GCC_WARN_UNUSED_FUNCTION = YES;
				GCC_WARN_UNUSED_VARIABLE = YES;
				IPHONEOS_DEPLOYMENT_TARGET = 12.1;
				MTL_ENABLE_DEBUG_INFO = NO;
				MTL_FAST_MATH = YES;
				SDKROOT = iphoneos;
				SWIFT_COMPILATION_MODE = wholemodule;
				SWIFT_OPTIMIZATION_LEVEL = "-O";
				VALIDATE_PRODUCT = YES;
			};
			name = Release;
		};
		F762214721A23FEA0021643D /* Debug */ = {
			isa = XCBuildConfiguration;
			buildSettings = {
				ASSETCATALOG_COMPILER_APPICON_NAME = AppIcon;
				CODE_SIGN_STYLE = Automatic;
				INFOPLIST_FILE = EmojiArt/Info.plist;
				LD_RUNPATH_SEARCH_PATHS = (
					"$(inherited)",
					"@executable_path/Frameworks",
				);
				PRODUCT_BUNDLE_IDENTIFIER = tn.EmojiArt;
				PRODUCT_NAME = "$(TARGET_NAME)";
				SWIFT_VERSION = 4.2;
				TARGETED_DEVICE_FAMILY = "1,2";
			};
			name = Debug;
		};
		F762214821A23FEA0021643D /* Release */ = {
			isa = XCBuildConfiguration;
			buildSettings = {
				ASSETCATALOG_COMPILER_APPICON_NAME = AppIcon;
				CODE_SIGN_STYLE = Automatic;
				INFOPLIST_FILE = EmojiArt/Info.plist;
				LD_RUNPATH_SEARCH_PATHS = (
					"$(inherited)",
					"@executable_path/Frameworks",
				);
				PRODUCT_BUNDLE_IDENTIFIER = tn.EmojiArt;
				PRODUCT_NAME = "$(TARGET_NAME)";
				SWIFT_VERSION = 4.2;
				TARGETED_DEVICE_FAMILY = "1,2";
			};
			name = Release;
		};
/* End XCBuildConfiguration section */

/* Begin XCConfigurationList section */
		F762212F21A23FE70021643D /* Build configuration list for PBXProject "EmojiArt" */ = {
			isa = XCConfigurationList;
			buildConfigurations = (
				F762214421A23FEA0021643D /* Debug */,
				F762214521A23FEA0021643D /* Release */,
			);
			defaultConfigurationIsVisible = 0;
			defaultConfigurationName = Release;
		};
		F762214621A23FEA0021643D /* Build configuration list for PBXNativeTarget "EmojiArt" */ = {
			isa = XCConfigurationList;
			buildConfigurations = (
				F762214721A23FEA0021643D /* Debug */,
				F762214821A23FEA0021643D /* Release */,
			);
			defaultConfigurationIsVisible = 0;
			defaultConfigurationName = Release;
		};
/* End XCConfigurationList section */
	};
	rootObject = F762212C21A23FE70021643D /* Project object */;
}
